
Microsoft Visual Studio Solution File, Format Version 12.00
# Visual Studio Version 16
VisualStudioVersion = 25.0.1706.12
MinimumVisualStudioVersion = 10.0.40219.1
Project("{FAE04EC0-301F-11D3-BF4B-00C04F79EFBC}") = "CompanyEmployees", "CompanyEmployees.csproj", "{32ABD4E6-4219-47C4-8328-E96394D32E0D}"
EndProject
Project("{FAE04EC0-301F-11D3-BF4B-00C04F79EFBC}") = "Contracts", "..\Contracts\Contracts.csproj", "{97B2EAD1-3C99-4D62-A0B7-80C17B7E008F}"
EndProject
Project("{FAE04EC0-301F-11D3-BF4B-00C04F79EFBC}") = "LoggerService", "..\LoggerService\LoggerService.csproj", "{703D3EAD-EDCB-41FD-BDF7-76E92DE8531B}"
EndProject
Project("{FAE04EC0-301F-11D3-BF4B-00C04F79EFBC}") = "Entities", "..\Entities\Entities.csproj", "{C18E8251-1280-4E99-9C1D-A36F1592B49C}"
EndProject
Project("{FAE04EC0-301F-11D3-BF4B-00C04F79EFBC}") = "Repository", "..\Repository\Repository.csproj", "{40EBB6CC-46BD-4479-AC6C-5A98DE5932BD}"
EndProject
Project("{FAE04EC0-301F-11D3-BF4B-00C04F79EFBC}") = "Service.Contracts", "..\Service.Contracts\Service.Contracts.csproj", "{C246F45A-9A62-496D-9DE4-F191048D783A}"
EndProject
Project("{FAE04EC0-301F-11D3-BF4B-00C04F79EFBC}") = "Service", "..\Service\Service.csproj", "{C8EFDC7F-4CCE-4629-AA5C-C197842AC1C4}"
EndProject
Global
	GlobalSection(SolutionConfigurationPlatforms) = preSolution
		Debug|Any CPU = Debug|Any CPU
		Release|Any CPU = Release|Any CPU
	EndGlobalSection
	GlobalSection(ProjectConfigurationPlatforms) = postSolution
		{32ABD4E6-4219-47C4-8328-E96394D32E0D}.Debug|Any CPU.ActiveCfg = Debug|Any CPU
		{32ABD4E6-4219-47C4-8328-E96394D32E0D}.Debug|Any CPU.Build.0 = Debug|Any CPU
		{32ABD4E6-4219-47C4-8328-E96394D32E0D}.Release|Any CPU.ActiveCfg = Release|Any CPU
		{32ABD4E6-4219-47C4-8328-E96394D32E0D}.Release|Any CPU.Build.0 = Release|Any CPU
		{97B2EAD1-3C99-4D62-A0B7-80C17B7E008F}.Debug|Any CPU.ActiveCfg = Debug|Any CPU
		{97B2EAD1-3C99-4D62-A0B7-80C17B7E008F}.Debug|Any CPU.Build.0 = Debug|Any CPU
		{97B2EAD1-3C99-4D62-A0B7-80C17B7E008F}.Release|Any CPU.ActiveCfg = Release|Any CPU
		{97B2EAD1-3C99-4D62-A0B7-80C17B7E008F}.Release|Any CPU.Build.0 = Release|Any CPU
		{703D3EAD-EDCB-41FD-BDF7-76E92DE8531B}.Debug|Any CPU.ActiveCfg = Debug|Any CPU
		{703D3EAD-EDCB-41FD-BDF7-76E92DE8531B}.Debug|Any CPU.Build.0 = Debug|Any CPU
		{703D3EAD-EDCB-41FD-BDF7-76E92DE8531B}.Release|Any CPU.ActiveCfg = Release|Any CPU
		{703D3EAD-EDCB-41FD-BDF7-76E92DE8531B}.Release|Any CPU.Build.0 = Release|Any CPU
		{C18E8251-1280-4E99-9C1D-A36F1592B49C}.Debug|Any CPU.ActiveCfg = Debug|Any CPU
		{C18E8251-1280-4E99-9C1D-A36F1592B49C}.Debug|Any CPU.Build.0 = Debug|Any CPU
		{C18E8251-1280-4E99-9C1D-A36F1592B49C}.Release|Any CPU.ActiveCfg = Release|Any CPU
		{C18E8251-1280-4E99-9C1D-A36F1592B49C}.Release|Any CPU.Build.0 = Release|Any CPU
		{40EBB6CC-46BD-4479-AC6C-5A98DE5932BD}.Debug|Any CPU.ActiveCfg = Debug|Any CPU
		{40EBB6CC-46BD-4479-AC6C-5A98DE5932BD}.Debug|Any CPU.Build.0 = Debug|Any CPU
		{40EBB6CC-46BD-4479-AC6C-5A98DE5932BD}.Release|Any CPU.ActiveCfg = Release|Any CPU
		{40EBB6CC-46BD-4479-AC6C-5A98DE5932BD}.Release|Any CPU.Build.0 = Release|Any CPU
		{C246F45A-9A62-496D-9DE4-F191048D783A}.Debug|Any CPU.ActiveCfg = Debug|Any CPU
		{C246F45A-9A62-496D-9DE4-F191048D783A}.Debug|Any CPU.Build.0 = Debug|Any CPU
		{C246F45A-9A62-496D-9DE4-F191048D783A}.Release|Any CPU.ActiveCfg = Release|Any CPU
		{C246F45A-9A62-496D-9DE4-F191048D783A}.Release|Any CPU.Build.0 = Release|Any CPU
		{C8EFDC7F-4CCE-4629-AA5C-C197842AC1C4}.Debug|Any CPU.ActiveCfg = Debug|Any CPU
		{C8EFDC7F-4CCE-4629-AA5C-C197842AC1C4}.Debug|Any CPU.Build.0 = Debug|Any CPU
		{C8EFDC7F-4CCE-4629-AA5C-C197842AC1C4}.Release|Any CPU.ActiveCfg = Release|Any CPU
		{C8EFDC7F-4CCE-4629-AA5C-C197842AC1C4}.Release|Any CPU.Build.0 = Release|Any CPU
	EndGlobalSection
	GlobalSection(SolutionProperties) = preSolution
		HideSolutionNode = FALSE
	EndGlobalSection
	GlobalSection(ExtensibilityGlobals) = postSolution
		SolutionGuid = {ECB62752-7275-4657-A80E-75B6A02BC4CC}
	EndGlobalSection
EndGlobal
